
Microsoft Visual Studio Solution File, Format Version 12.00
# Visual Studio Version 17
VisualStudioVersion = 17.0.32112.339
MinimumVisualStudioVersion = 10.0.40219.1
Project("{9A19103F-16F7-4668-BE54-9A1E7A4F7556}") = "LSCode.Files", "LSCode.Files\LSCode.Files.csproj", "{664753CE-D881-4A68-9485-CBF067225CDE}"
EndProject
Global
	GlobalSection(SolutionConfigurationPlatforms) = preSolution
		Debug|Any CPU = Debug|Any CPU
		Release|Any CPU = Release|Any CPU
	EndGlobalSection
	GlobalSection(ProjectConfigurationPlatforms) = postSolution
		{664753CE-D881-4A68-9485-CBF067225CDE}.Debug|Any CPU.ActiveCfg = Debug|Any CPU
		{664753CE-D881-4A68-9485-CBF067225CDE}.Debug|Any CPU.Build.0 = Debug|Any CPU
		{664753CE-D881-4A68-9485-CBF067225CDE}.Release|Any CPU.ActiveCfg = Release|Any CPU
		{664753CE-D881-4A68-9485-CBF067225CDE}.Release|Any CPU.Build.0 = Release|Any CPU
	EndGlobalSection
	GlobalSection(SolutionProperties) = preSolution
		HideSolutionNode = FALSE
	EndGlobalSection
	GlobalSection(ExtensibilityGlobals) = postSolution
		SolutionGuid = {3E1952A1-F0A7-4D8C-A5F6-F2C714C840CC}
	EndGlobalSection
EndGlobal
